{
  "name": "markdown-it-dompurify",
  "version": "1.0.3",
  "lockfileVersion": 2,
  "requires": true,
  "packages": {
    "": {
      "name": "markdown-it-dompurify",
      "version": "1.0.3",
      "license": "Apache-2.0",
      "dependencies": {
        "dompurify": "^2.3.5"
      }
    },
    "node_modules/dompurify": {
      "version": "2.3.5",
      "resolved": "https://registry.npmjs.org/dompurify/-/dompurify-2.3.5.tgz",
      "integrity": "sha512-kD+f8qEaa42+mjdOpKeztu9Mfx5bv9gVLO6K9jRx4uGvh6Wv06Srn4jr1wPNY2OOUGGSKHNFN+A8MA3v0E0QAQ=="
    }
  },
  "dependencies": {
    "dompurify": {
      "version": "2.3.5",
      "resolved": "https://registry.npmjs.org/dompurify/-/dompurify-2.3.5.tgz",
      "integrity": "sha512-kD+f8qEaa42+mjdOpKeztu9Mfx5bv9gVLO6K9jRx4uGvh6Wv06Srn4jr1wPNY2OOUGGSKHNFN+A8MA3v0E0QAQ=="
    }
  }
}
